
Microsoft Visual Studio Solution File, Format Version 12.00
# Visual Studio Version 17
VisualStudioVersion = 17.9.34616.47
MinimumVisualStudioVersion = 10.0.40219.1
Project("{FAE04EC0-301F-11D3-BF4B-00C04F79EFBC}") = "HospitalCommunity.Domain", "HospitalCommunity.Domain\HospitalCommunity.Domain.csproj", "{00F7C6C0-0A2E-4EFB-9A56-A0A93690AA7E}"
EndProject
Project("{FAE04EC0-301F-11D3-BF4B-00C04F79EFBC}") = "HospitalCommunity.Application", "HospitalCommunity.Application\HospitalCommunity.Application.csproj", "{65CA8DB7-1CFB-4566-B57F-AE9D63FC19D6}"
EndProject
Project("{FAE04EC0-301F-11D3-BF4B-00C04F79EFBC}") = "HospitalCommunity.Infrastructure", "HospitalCommunity.Infrastructure\HospitalCommunity.Infrastructure.csproj", "{3AD581A5-AC63-46DD-BA52-49EAA99EA7CC}"
EndProject
Project("{FAE04EC0-301F-11D3-BF4B-00C04F79EFBC}") = "HospitalCommunity.API", "HospitalCommunity.API\HospitalCommunity.API.csproj", "{7D929CBF-FB80-40B6-8763-0DD6B4D8BC3E}"
EndProject
Global
	GlobalSection(SolutionConfigurationPlatforms) = preSolution
		Debug|Any CPU = Debug|Any CPU
		Release|Any CPU = Release|Any CPU
	EndGlobalSection
	GlobalSection(ProjectConfigurationPlatforms) = postSolution
		{00F7C6C0-0A2E-4EFB-9A56-A0A93690AA7E}.Debug|Any CPU.ActiveCfg = Debug|Any CPU
		{00F7C6C0-0A2E-4EFB-9A56-A0A93690AA7E}.Debug|Any CPU.Build.0 = Debug|Any CPU
		{00F7C6C0-0A2E-4EFB-9A56-A0A93690AA7E}.Release|Any CPU.ActiveCfg = Release|Any CPU
		{00F7C6C0-0A2E-4EFB-9A56-A0A93690AA7E}.Release|Any CPU.Build.0 = Release|Any CPU
		{65CA8DB7-1CFB-4566-B57F-AE9D63FC19D6}.Debug|Any CPU.ActiveCfg = Debug|Any CPU
		{65CA8DB7-1CFB-4566-B57F-AE9D63FC19D6}.Debug|Any CPU.Build.0 = Debug|Any CPU
		{65CA8DB7-1CFB-4566-B57F-AE9D63FC19D6}.Release|Any CPU.ActiveCfg = Release|Any CPU
		{65CA8DB7-1CFB-4566-B57F-AE9D63FC19D6}.Release|Any CPU.Build.0 = Release|Any CPU
		{3AD581A5-AC63-46DD-BA52-49EAA99EA7CC}.Debug|Any CPU.ActiveCfg = Debug|Any CPU
		{3AD581A5-AC63-46DD-BA52-49EAA99EA7CC}.Debug|Any CPU.Build.0 = Debug|Any CPU
		{3AD581A5-AC63-46DD-BA52-49EAA99EA7CC}.Release|Any CPU.ActiveCfg = Release|Any CPU
		{3AD581A5-AC63-46DD-BA52-49EAA99EA7CC}.Release|Any CPU.Build.0 = Release|Any CPU
		{7D929CBF-FB80-40B6-8763-0DD6B4D8BC3E}.Debug|Any CPU.ActiveCfg = Debug|Any CPU
		{7D929CBF-FB80-40B6-8763-0DD6B4D8BC3E}.Debug|Any CPU.Build.0 = Debug|Any CPU
		{7D929CBF-FB80-40B6-8763-0DD6B4D8BC3E}.Release|Any CPU.ActiveCfg = Release|Any CPU
		{7D929CBF-FB80-40B6-8763-0DD6B4D8BC3E}.Release|Any CPU.Build.0 = Release|Any CPU
	EndGlobalSection
	GlobalSection(SolutionProperties) = preSolution
		HideSolutionNode = FALSE
	EndGlobalSection
	GlobalSection(ExtensibilityGlobals) = postSolution
		SolutionGuid = {E5352E8B-C9A4-4E72-ABCE-42B753847A45}
	EndGlobalSection
EndGlobal
